{
  "name": "mova-tool-gateway-v0-worker",
  "version": "0.1.0",
  "lockfileVersion": 3,
  "requires": true,
  "packages": {
    "": {
      "name": "mova-tool-gateway-v0-worker",
      "version": "0.1.0",
      "dependencies": {
        "@cfworker/json-schema": "^1.12.2"
      }
    },
    "node_modules/@cfworker/json-schema": {
      "version": "1.12.8",
      "resolved": "https://registry.npmjs.org/@cfworker/json-schema/-/json-schema-1.12.8.tgz",
      "integrity": "sha512-hi//AkiNRh5e8yLtpmRHnboHX051bow36+sn68f7yB163vOd3EDpUzUKH/wuNETFAyZAovsAHGAyMt+6oVb2Xg==",
      "license": "MIT"
    }
  }
}
